
Microsoft Visual Studio Solution File, Format Version 12.00
# Visual Studio 14
VisualStudioVersion = 14.0.25420.1
MinimumVisualStudioVersion = 10.0.40219.1
Project("{FAE04EC0-301F-11D3-BF4B-00C04F79EFBC}") = "TestsDecouverteC# Project", "DiscoveringCSharpWithUnitTest\TestsDecouverteCSharp Project.csproj", "{F8775E25-AADE-4FF0-B0C6-72E8548A6D5F}"
EndProject
Project("{FAE04EC0-301F-11D3-BF4B-00C04F79EFBC}") = "ClassLibrary", "ClassLibrary\ClassLibrary.csproj", "{47A6A880-6108-4D2B-9408-5FF7F944C5B8}"
EndProject
Project("{FAE04EC0-301F-11D3-BF4B-00C04F79EFBC}") = "NUnitSamples", "NUnitSamples\NUnitSamples.csproj", "{901FB0C5-EABC-46D7-A071-D280648916C6}"
EndProject
Project("{FAE04EC0-301F-11D3-BF4B-00C04F79EFBC}") = "NFluentSamples", "NFluentSamples\NFluentSamples.csproj", "{7C7C351D-AB8B-4AFC-A270-413B64F49F90}"
EndProject
Project("{FAE04EC0-301F-11D3-BF4B-00C04F79EFBC}") = "CSharp6SampleProject", "CSharp6SampleProject\CSharp6SampleProject.csproj", "{38239804-5A6B-4591-B61D-3BE8F1C34287}"
EndProject
Project("{FAE04EC0-301F-11D3-BF4B-00C04F79EFBC}") = "SQLiteSamples", "SQLiteSamples\SQLiteSamples.csproj", "{A5052800-B501-47ED-88F3-2E4C404096CA}"
EndProject
Project("{FAE04EC0-301F-11D3-BF4B-00C04F79EFBC}") = "UsingResources", "UsingResources\UsingResources.csproj", "{1A3F2EE3-1882-4ED2-83DC-1A9A5C3808CD}"
EndProject
Project("{FAE04EC0-301F-11D3-BF4B-00C04F79EFBC}") = "Logging", "Logging\Logging.csproj", "{084C1B5E-C951-451D-A901-91DC6444C553}"
EndProject
Project("{FAE04EC0-301F-11D3-BF4B-00C04F79EFBC}") = "Html", "Html\Html.csproj", "{9F56D97E-2CE2-41B2-8822-491FB408EA0B}"
EndProject
Global
	GlobalSection(SolutionConfigurationPlatforms) = preSolution
		Debug|Any CPU = Debug|Any CPU
		Debug|x86 = Debug|x86
		Release|Any CPU = Release|Any CPU
		Release|x86 = Release|x86
	EndGlobalSection
	GlobalSection(ProjectConfigurationPlatforms) = postSolution
		{F8775E25-AADE-4FF0-B0C6-72E8548A6D5F}.Debug|Any CPU.ActiveCfg = Debug|Any CPU
		{F8775E25-AADE-4FF0-B0C6-72E8548A6D5F}.Debug|Any CPU.Build.0 = Debug|Any CPU
		{F8775E25-AADE-4FF0-B0C6-72E8548A6D5F}.Debug|x86.ActiveCfg = Debug|Any CPU
		{F8775E25-AADE-4FF0-B0C6-72E8548A6D5F}.Debug|x86.Build.0 = Debug|Any CPU
		{F8775E25-AADE-4FF0-B0C6-72E8548A6D5F}.Release|Any CPU.ActiveCfg = Release|Any CPU
		{F8775E25-AADE-4FF0-B0C6-72E8548A6D5F}.Release|Any CPU.Build.0 = Release|Any CPU
		{F8775E25-AADE-4FF0-B0C6-72E8548A6D5F}.Release|x86.ActiveCfg = Release|Any CPU
		{F8775E25-AADE-4FF0-B0C6-72E8548A6D5F}.Release|x86.Build.0 = Release|Any CPU
		{47A6A880-6108-4D2B-9408-5FF7F944C5B8}.Debug|Any CPU.ActiveCfg = Debug|Any CPU
		{47A6A880-6108-4D2B-9408-5FF7F944C5B8}.Debug|Any CPU.Build.0 = Debug|Any CPU
		{47A6A880-6108-4D2B-9408-5FF7F944C5B8}.Debug|x86.ActiveCfg = Debug|Any CPU
		{47A6A880-6108-4D2B-9408-5FF7F944C5B8}.Debug|x86.Build.0 = Debug|Any CPU
		{47A6A880-6108-4D2B-9408-5FF7F944C5B8}.Release|Any CPU.ActiveCfg = Release|Any CPU
		{47A6A880-6108-4D2B-9408-5FF7F944C5B8}.Release|Any CPU.Build.0 = Release|Any CPU
		{47A6A880-6108-4D2B-9408-5FF7F944C5B8}.Release|x86.ActiveCfg = Release|Any CPU
		{47A6A880-6108-4D2B-9408-5FF7F944C5B8}.Release|x86.Build.0 = Release|Any CPU
		{901FB0C5-EABC-46D7-A071-D280648916C6}.Debug|Any CPU.ActiveCfg = Debug|Any CPU
		{901FB0C5-EABC-46D7-A071-D280648916C6}.Debug|Any CPU.Build.0 = Debug|Any CPU
		{901FB0C5-EABC-46D7-A071-D280648916C6}.Debug|x86.ActiveCfg = Debug|Any CPU
		{901FB0C5-EABC-46D7-A071-D280648916C6}.Debug|x86.Build.0 = Debug|Any CPU
		{901FB0C5-EABC-46D7-A071-D280648916C6}.Release|Any CPU.ActiveCfg = Release|Any CPU
		{901FB0C5-EABC-46D7-A071-D280648916C6}.Release|Any CPU.Build.0 = Release|Any CPU
		{901FB0C5-EABC-46D7-A071-D280648916C6}.Release|x86.ActiveCfg = Release|Any CPU
		{901FB0C5-EABC-46D7-A071-D280648916C6}.Release|x86.Build.0 = Release|Any CPU
		{7C7C351D-AB8B-4AFC-A270-413B64F49F90}.Debug|Any CPU.ActiveCfg = Debug|Any CPU
		{7C7C351D-AB8B-4AFC-A270-413B64F49F90}.Debug|Any CPU.Build.0 = Debug|Any CPU
		{7C7C351D-AB8B-4AFC-A270-413B64F49F90}.Debug|x86.ActiveCfg = Debug|Any CPU
		{7C7C351D-AB8B-4AFC-A270-413B64F49F90}.Debug|x86.Build.0 = Debug|Any CPU
		{7C7C351D-AB8B-4AFC-A270-413B64F49F90}.Release|Any CPU.ActiveCfg = Release|Any CPU
		{7C7C351D-AB8B-4AFC-A270-413B64F49F90}.Release|Any CPU.Build.0 = Release|Any CPU
		{7C7C351D-AB8B-4AFC-A270-413B64F49F90}.Release|x86.ActiveCfg = Release|Any CPU
		{7C7C351D-AB8B-4AFC-A270-413B64F49F90}.Release|x86.Build.0 = Release|Any CPU
		{38239804-5A6B-4591-B61D-3BE8F1C34287}.Debug|Any CPU.ActiveCfg = Debug|Any CPU
		{38239804-5A6B-4591-B61D-3BE8F1C34287}.Debug|Any CPU.Build.0 = Debug|Any CPU
		{38239804-5A6B-4591-B61D-3BE8F1C34287}.Debug|x86.ActiveCfg = Debug|Any CPU
		{38239804-5A6B-4591-B61D-3BE8F1C34287}.Debug|x86.Build.0 = Debug|Any CPU
		{38239804-5A6B-4591-B61D-3BE8F1C34287}.Release|Any CPU.ActiveCfg = Release|Any CPU
		{38239804-5A6B-4591-B61D-3BE8F1C34287}.Release|Any CPU.Build.0 = Release|Any CPU
		{38239804-5A6B-4591-B61D-3BE8F1C34287}.Release|x86.ActiveCfg = Release|Any CPU
		{38239804-5A6B-4591-B61D-3BE8F1C34287}.Release|x86.Build.0 = Release|Any CPU
		{A5052800-B501-47ED-88F3-2E4C404096CA}.Debug|Any CPU.ActiveCfg = Debug|x86
		{A5052800-B501-47ED-88F3-2E4C404096CA}.Debug|x86.ActiveCfg = Debug|x86
		{A5052800-B501-47ED-88F3-2E4C404096CA}.Debug|x86.Build.0 = Debug|x86
		{A5052800-B501-47ED-88F3-2E4C404096CA}.Release|Any CPU.ActiveCfg = Release|x86
		{A5052800-B501-47ED-88F3-2E4C404096CA}.Release|x86.ActiveCfg = Release|x86
		{A5052800-B501-47ED-88F3-2E4C404096CA}.Release|x86.Build.0 = Release|x86
		{1A3F2EE3-1882-4ED2-83DC-1A9A5C3808CD}.Debug|Any CPU.ActiveCfg = Debug|Any CPU
		{1A3F2EE3-1882-4ED2-83DC-1A9A5C3808CD}.Debug|Any CPU.Build.0 = Debug|Any CPU
		{1A3F2EE3-1882-4ED2-83DC-1A9A5C3808CD}.Debug|x86.ActiveCfg = Debug|Any CPU
		{1A3F2EE3-1882-4ED2-83DC-1A9A5C3808CD}.Debug|x86.Build.0 = Debug|Any CPU
		{1A3F2EE3-1882-4ED2-83DC-1A9A5C3808CD}.Release|Any CPU.ActiveCfg = Release|Any CPU
		{1A3F2EE3-1882-4ED2-83DC-1A9A5C3808CD}.Release|Any CPU.Build.0 = Release|Any CPU
		{1A3F2EE3-1882-4ED2-83DC-1A9A5C3808CD}.Release|x86.ActiveCfg = Release|Any CPU
		{1A3F2EE3-1882-4ED2-83DC-1A9A5C3808CD}.Release|x86.Build.0 = Release|Any CPU
		{084C1B5E-C951-451D-A901-91DC6444C553}.Debug|Any CPU.ActiveCfg = Debug|Any CPU
		{084C1B5E-C951-451D-A901-91DC6444C553}.Debug|Any CPU.Build.0 = Debug|Any CPU
		{084C1B5E-C951-451D-A901-91DC6444C553}.Debug|x86.ActiveCfg = Debug|Any CPU
		{084C1B5E-C951-451D-A901-91DC6444C553}.Debug|x86.Build.0 = Debug|Any CPU
		{084C1B5E-C951-451D-A901-91DC6444C553}.Release|Any CPU.ActiveCfg = Release|Any CPU
		{084C1B5E-C951-451D-A901-91DC6444C553}.Release|Any CPU.Build.0 = Release|Any CPU
		{084C1B5E-C951-451D-A901-91DC6444C553}.Release|x86.ActiveCfg = Release|Any CPU
		{084C1B5E-C951-451D-A901-91DC6444C553}.Release|x86.Build.0 = Release|Any CPU
		{9F56D97E-2CE2-41B2-8822-491FB408EA0B}.Debug|Any CPU.ActiveCfg = Debug|Any CPU
		{9F56D97E-2CE2-41B2-8822-491FB408EA0B}.Debug|Any CPU.Build.0 = Debug|Any CPU
		{9F56D97E-2CE2-41B2-8822-491FB408EA0B}.Debug|x86.ActiveCfg = Debug|Any CPU
		{9F56D97E-2CE2-41B2-8822-491FB408EA0B}.Debug|x86.Build.0 = Debug|Any CPU
		{9F56D97E-2CE2-41B2-8822-491FB408EA0B}.Release|Any CPU.ActiveCfg = Release|Any CPU
		{9F56D97E-2CE2-41B2-8822-491FB408EA0B}.Release|Any CPU.Build.0 = Release|Any CPU
		{9F56D97E-2CE2-41B2-8822-491FB408EA0B}.Release|x86.ActiveCfg = Release|Any CPU
		{9F56D97E-2CE2-41B2-8822-491FB408EA0B}.Release|x86.Build.0 = Release|Any CPU
	EndGlobalSection
	GlobalSection(SolutionProperties) = preSolution
		HideSolutionNode = FALSE
	EndGlobalSection
EndGlobal
